
Microsoft Visual Studio Solution File, Format Version 12.00
# Visual Studio Version 17
VisualStudioVersion = 17.10.35013.160
MinimumVisualStudioVersion = 10.0.40219.1
Project("{9A19103F-16F7-4668-BE54-9A1E7A4F7556}") = "FlowChart", "FlowChart\FlowChart.csproj", "{0BF56327-4D54-43E8-96D7-0DA9B4F17055}"
EndProject
Project("{9A19103F-16F7-4668-BE54-9A1E7A4F7556}") = "KaiZyo", "KaiZyo\KaiZyo.csproj", "{DD8FCD14-47FD-4117-94C0-4F3D11F94D80}"
EndProject
Project("{9A19103F-16F7-4668-BE54-9A1E7A4F7556}") = "Merge", "Merge\Merge.csproj", "{D6EC430B-D466-4E13-83C8-0FA5693AE963}"
EndProject
Project("{9A19103F-16F7-4668-BE54-9A1E7A4F7556}") = "Gyoretu", "Gyoretu\Gyoretu.csproj", "{E091BBAF-4E8E-4881-8663-80788A1FD2E8}"
EndProject
Project("{9A19103F-16F7-4668-BE54-9A1E7A4F7556}") = "Sort", "Sort\Sort.csproj", "{7A4D605A-DE0E-43AC-A5E0-532BA5FAACDA}"
EndProject
Project("{9A19103F-16F7-4668-BE54-9A1E7A4F7556}") = "ObjectOriented", "ObjectOriented\ObjectOriented.csproj", "{9EF02C3B-5942-423D-B5F2-FD7552813C66}"
EndProject
Project("{9A19103F-16F7-4668-BE54-9A1E7A4F7556}") = "CSharpStudy202408", "CSharpStudy202408\CSharpStudy202408.csproj", "{C1BFF7A0-0818-4515-80B2-96D86B8C3889}"
EndProject
Project("{9A19103F-16F7-4668-BE54-9A1E7A4F7556}") = "OilGsSimulationToObject", "OilGsSimulationToObject\OilGsSimulationToObject.csproj", "{21203EEE-ED5E-417B-BD11-96E40B4007A0}"
EndProject
Project("{9A19103F-16F7-4668-BE54-9A1E7A4F7556}") = "OigGsSimulationToObjectwithInterface", "OigGsSimulationToObjectwithInterface\OigGsSimulationToObjectwithInterface.csproj", "{6CECEF5C-58B5-4B69-B138-5EEA50ED8217}"
EndProject
Project("{FAE04EC0-301F-11D3-BF4B-00C04F79EFBC}") = "InterfceTest", "InterfceTest\InterfceTest.csproj", "{DE9F9ADC-CA47-4C02-9925-DE619C2502F8}"
EndProject
Global
	GlobalSection(SolutionConfigurationPlatforms) = preSolution
		Debug|Any CPU = Debug|Any CPU
		Release|Any CPU = Release|Any CPU
	EndGlobalSection
	GlobalSection(ProjectConfigurationPlatforms) = postSolution
		{0BF56327-4D54-43E8-96D7-0DA9B4F17055}.Debug|Any CPU.ActiveCfg = Debug|Any CPU
		{0BF56327-4D54-43E8-96D7-0DA9B4F17055}.Debug|Any CPU.Build.0 = Debug|Any CPU
		{0BF56327-4D54-43E8-96D7-0DA9B4F17055}.Release|Any CPU.ActiveCfg = Release|Any CPU
		{0BF56327-4D54-43E8-96D7-0DA9B4F17055}.Release|Any CPU.Build.0 = Release|Any CPU
		{DD8FCD14-47FD-4117-94C0-4F3D11F94D80}.Debug|Any CPU.ActiveCfg = Debug|Any CPU
		{DD8FCD14-47FD-4117-94C0-4F3D11F94D80}.Debug|Any CPU.Build.0 = Debug|Any CPU
		{DD8FCD14-47FD-4117-94C0-4F3D11F94D80}.Release|Any CPU.ActiveCfg = Release|Any CPU
		{DD8FCD14-47FD-4117-94C0-4F3D11F94D80}.Release|Any CPU.Build.0 = Release|Any CPU
		{D6EC430B-D466-4E13-83C8-0FA5693AE963}.Debug|Any CPU.ActiveCfg = Debug|Any CPU
		{D6EC430B-D466-4E13-83C8-0FA5693AE963}.Debug|Any CPU.Build.0 = Debug|Any CPU
		{D6EC430B-D466-4E13-83C8-0FA5693AE963}.Release|Any CPU.ActiveCfg = Release|Any CPU
		{D6EC430B-D466-4E13-83C8-0FA5693AE963}.Release|Any CPU.Build.0 = Release|Any CPU
		{E091BBAF-4E8E-4881-8663-80788A1FD2E8}.Debug|Any CPU.ActiveCfg = Debug|Any CPU
		{E091BBAF-4E8E-4881-8663-80788A1FD2E8}.Debug|Any CPU.Build.0 = Debug|Any CPU
		{E091BBAF-4E8E-4881-8663-80788A1FD2E8}.Release|Any CPU.ActiveCfg = Release|Any CPU
		{E091BBAF-4E8E-4881-8663-80788A1FD2E8}.Release|Any CPU.Build.0 = Release|Any CPU
		{7A4D605A-DE0E-43AC-A5E0-532BA5FAACDA}.Debug|Any CPU.ActiveCfg = Debug|Any CPU
		{7A4D605A-DE0E-43AC-A5E0-532BA5FAACDA}.Debug|Any CPU.Build.0 = Debug|Any CPU
		{7A4D605A-DE0E-43AC-A5E0-532BA5FAACDA}.Release|Any CPU.ActiveCfg = Release|Any CPU
		{7A4D605A-DE0E-43AC-A5E0-532BA5FAACDA}.Release|Any CPU.Build.0 = Release|Any CPU
		{9EF02C3B-5942-423D-B5F2-FD7552813C66}.Debug|Any CPU.ActiveCfg = Debug|Any CPU
		{9EF02C3B-5942-423D-B5F2-FD7552813C66}.Debug|Any CPU.Build.0 = Debug|Any CPU
		{9EF02C3B-5942-423D-B5F2-FD7552813C66}.Release|Any CPU.ActiveCfg = Release|Any CPU
		{9EF02C3B-5942-423D-B5F2-FD7552813C66}.Release|Any CPU.Build.0 = Release|Any CPU
		{C1BFF7A0-0818-4515-80B2-96D86B8C3889}.Debug|Any CPU.ActiveCfg = Debug|Any CPU
		{C1BFF7A0-0818-4515-80B2-96D86B8C3889}.Debug|Any CPU.Build.0 = Debug|Any CPU
		{C1BFF7A0-0818-4515-80B2-96D86B8C3889}.Release|Any CPU.ActiveCfg = Release|Any CPU
		{C1BFF7A0-0818-4515-80B2-96D86B8C3889}.Release|Any CPU.Build.0 = Release|Any CPU
		{21203EEE-ED5E-417B-BD11-96E40B4007A0}.Debug|Any CPU.ActiveCfg = Debug|Any CPU
		{21203EEE-ED5E-417B-BD11-96E40B4007A0}.Debug|Any CPU.Build.0 = Debug|Any CPU
		{21203EEE-ED5E-417B-BD11-96E40B4007A0}.Release|Any CPU.ActiveCfg = Release|Any CPU
		{21203EEE-ED5E-417B-BD11-96E40B4007A0}.Release|Any CPU.Build.0 = Release|Any CPU
		{6CECEF5C-58B5-4B69-B138-5EEA50ED8217}.Debug|Any CPU.ActiveCfg = Debug|Any CPU
		{6CECEF5C-58B5-4B69-B138-5EEA50ED8217}.Debug|Any CPU.Build.0 = Debug|Any CPU
		{6CECEF5C-58B5-4B69-B138-5EEA50ED8217}.Release|Any CPU.ActiveCfg = Release|Any CPU
		{6CECEF5C-58B5-4B69-B138-5EEA50ED8217}.Release|Any CPU.Build.0 = Release|Any CPU
		{DE9F9ADC-CA47-4C02-9925-DE619C2502F8}.Debug|Any CPU.ActiveCfg = Debug|Any CPU
		{DE9F9ADC-CA47-4C02-9925-DE619C2502F8}.Debug|Any CPU.Build.0 = Debug|Any CPU
		{DE9F9ADC-CA47-4C02-9925-DE619C2502F8}.Release|Any CPU.ActiveCfg = Release|Any CPU
		{DE9F9ADC-CA47-4C02-9925-DE619C2502F8}.Release|Any CPU.Build.0 = Release|Any CPU
	EndGlobalSection
	GlobalSection(SolutionProperties) = preSolution
		HideSolutionNode = FALSE
	EndGlobalSection
	GlobalSection(ExtensibilityGlobals) = postSolution
		SolutionGuid = {FDCFC5C0-E0AB-465E-A2C4-F82966A5BF07}
	EndGlobalSection
EndGlobal
